// !$*UTF8*$!
{
	archiveVersion = 1;
	classes = {
	};
	objectVersion = 51;
	objects = {

/* Begin PBXBuildFile section */
		3E24E4E32582959000473B60 /* Parser.swift in Sources */ = {isa = PBXBuildFile; fileRef = 3E24E4E22582959000473B60 /* Parser.swift */; };
		3E24E4E62582A17400473B60 /* LogInController.swift in Sources */ = {isa = PBXBuildFile; fileRef = 3E24E4E52582A17400473B60 /* LogInController.swift */; };
		3E24E4E92582A1A000473B60 /* LogIn.storyboard in Resources */ = {isa = PBXBuildFile; fileRef = 3E24E4E82582A19F00473B60 /* LogIn.storyboard */; };
		3E24E4EC2582B04000473B60 /* GoogleService-Info.plist in Resources */ = {isa = PBXBuildFile; fileRef = 3E24E4EB2582B04000473B60 /* GoogleService-Info.plist */; };
		3E24E4FC2582C35B00473B60 /* SignInController.swift in Sources */ = {isa = PBXBuildFile; fileRef = 3E24E4FB2582C35B00473B60 /* SignInController.swift */; };
		3E62FAA52574121100BAFFA0 /* AppDelegate.swift in Sources */ = {isa = PBXBuildFile; fileRef = 3E62FAA42574121100BAFFA0 /* AppDelegate.swift */; };
		3E62FAA92574121100BAFFA0 /* ViewController.swift in Sources */ = {isa = PBXBuildFile; fileRef = 3E62FAA82574121100BAFFA0 /* ViewController.swift */; };
		3E62FAAC2574121100BAFFA0 /* Main.storyboard in Resources */ = {isa = PBXBuildFile; fileRef = 3E62FAAA2574121100BAFFA0 /* Main.storyboard */; };
		3E62FAAE2574121300BAFFA0 /* Assets.xcassets in Resources */ = {isa = PBXBuildFile; fileRef = 3E62FAAD2574121300BAFFA0 /* Assets.xcassets */; };
		3E62FAB12574121300BAFFA0 /* LaunchScreen.storyboard in Resources */ = {isa = PBXBuildFile; fileRef = 3E62FAAF2574121300BAFFA0 /* LaunchScreen.storyboard */; };
		3E62FB18257464A000BAFFA0 /* Drug.swift in Sources */ = {isa = PBXBuildFile; fileRef = 3E62FB172574649F00BAFFA0 /* Drug.swift */; };
		3E62FB1D257466AD00BAFFA0 /* Drugs.swift in Sources */ = {isa = PBXBuildFile; fileRef = 3E62FB1C257466AD00BAFFA0 /* Drugs.swift */; };
		3E62FB2825746C6100BAFFA0 /* UserDrugs.swift in Sources */ = {isa = PBXBuildFile; fileRef = 3E62FB2725746C6100BAFFA0 /* UserDrugs.swift */; };
		3E62FB542574732400BAFFA0 /* drugs_list.storyboard in Resources */ = {isa = PBXBuildFile; fileRef = 3E62FB532574732400BAFFA0 /* drugs_list.storyboard */; };
		3E62FB592574754500BAFFA0 /* ViewListController.swift in Sources */ = {isa = PBXBuildFile; fileRef = 3E62FB582574754500BAFFA0 /* ViewListController.swift */; };
		3E62FB7525747B7000BAFFA0 /* SceneDelegate.swift in Sources */ = {isa = PBXBuildFile; fileRef = 3E62FB7425747B7000BAFFA0 /* SceneDelegate.swift */; };
		3ECEA42A2587D7EF005A811B /* DrugDetailController.swift in Sources */ = {isa = PBXBuildFile; fileRef = 3ECEA4292587D7EF005A811B /* DrugDetailController.swift */; };
		3ECEA42D2587E268005A811B /* AVFoundation.framework in Frameworks */ = {isa = PBXBuildFile; fileRef = 3ECEA42C2587E268005A811B /* AVFoundation.framework */; };
		C22B53363C2B8BD171DAF08B /* Pods_PlanerLekow.framework in Frameworks */ = {isa = PBXBuildFile; fileRef = 6E581636A0B6364564DB74A0 /* Pods_PlanerLekow.framework */; };
/* End PBXBuildFile section */

/* Begin PBXFileReference section */
		3E24E4E22582959000473B60 /* Parser.swift */ = {isa = PBXFileReference; lastKnownFileType = sourcecode.swift; path = Parser.swift; sourceTree = "<group>"; };
		3E24E4E52582A17400473B60 /* LogInController.swift */ = {isa = PBXFileReference; lastKnownFileType = sourcecode.swift; path = LogInController.swift; sourceTree = "<group>"; };
		3E24E4E82582A19F00473B60 /* LogIn.storyboard */ = {isa = PBXFileReference; lastKnownFileType = file.storyboard; path = LogIn.storyboard; sourceTree = "<group>"; };
		3E24E4EB2582B04000473B60 /* GoogleService-Info.plist */ = {isa = PBXFileReference; fileEncoding = 4; lastKnownFileType = text.plist.xml; name = "GoogleService-Info.plist"; path = "../../../../Downloads/GoogleService-Info.plist"; sourceTree = "<group>"; };
		3E24E4FB2582C35B00473B60 /* SignInController.swift */ = {isa = PBXFileReference; lastKnownFileType = sourcecode.swift; path = SignInController.swift; sourceTree = "<group>"; };
		3E62FAA12574121100BAFFA0 /* PlanerLekow.app */ = {isa = PBXFileReference; explicitFileType = wrapper.application; includeInIndex = 0; path = PlanerLekow.app; sourceTree = BUILT_PRODUCTS_DIR; };
		3E62FAA42574121100BAFFA0 /* AppDelegate.swift */ = {isa = PBXFileReference; lastKnownFileType = sourcecode.swift; path = AppDelegate.swift; sourceTree = "<group>"; };
		3E62FAA82574121100BAFFA0 /* ViewController.swift */ = {isa = PBXFileReference; lastKnownFileType = sourcecode.swift; path = ViewController.swift; sourceTree = "<group>"; };
		3E62FAAB2574121100BAFFA0 /* Base */ = {isa = PBXFileReference; lastKnownFileType = file.storyboard; name = Base; path = Base.lproj/Main.storyboard; sourceTree = "<group>"; };
		3E62FAAD2574121300BAFFA0 /* Assets.xcassets */ = {isa = PBXFileReference; lastKnownFileType = folder.assetcatalog; path = Assets.xcassets; sourceTree = "<group>"; };
		3E62FAB02574121300BAFFA0 /* Base */ = {isa = PBXFileReference; lastKnownFileType = file.storyboard; name = Base; path = Base.lproj/LaunchScreen.storyboard; sourceTree = "<group>"; };
		3E62FAB22574121300BAFFA0 /* Info.plist */ = {isa = PBXFileReference; lastKnownFileType = text.plist.xml; path = Info.plist; sourceTree = "<group>"; };
		3E62FB172574649F00BAFFA0 /* Drug.swift */ = {isa = PBXFileReference; lastKnownFileType = sourcecode.swift; path = Drug.swift; sourceTree = "<group>"; };
		3E62FB1C257466AD00BAFFA0 /* Drugs.swift */ = {isa = PBXFileReference; lastKnownFileType = sourcecode.swift; path = Drugs.swift; sourceTree = "<group>"; };
		3E62FB2725746C6100BAFFA0 /* UserDrugs.swift */ = {isa = PBXFileReference; lastKnownFileType = sourcecode.swift; path = UserDrugs.swift; sourceTree = "<group>"; };
		3E62FB532574732400BAFFA0 /* drugs_list.storyboard */ = {isa = PBXFileReference; lastKnownFileType = file.storyboard; path = drugs_list.storyboard; sourceTree = "<group>"; };
		3E62FB582574754500BAFFA0 /* ViewListController.swift */ = {isa = PBXFileReference; lastKnownFileType = sourcecode.swift; path = ViewListController.swift; sourceTree = "<group>"; };
		3E62FB7425747B7000BAFFA0 /* SceneDelegate.swift */ = {isa = PBXFileReference; lastKnownFileType = sourcecode.swift; path = SceneDelegate.swift; sourceTree = "<group>"; };
		3ECEA4292587D7EF005A811B /* DrugDetailController.swift */ = {isa = PBXFileReference; lastKnownFileType = sourcecode.swift; path = DrugDetailController.swift; sourceTree = "<group>"; };
		3ECEA42C2587E268005A811B /* AVFoundation.framework */ = {isa = PBXFileReference; lastKnownFileType = wrapper.framework; name = AVFoundation.framework; path = System/Library/Frameworks/AVFoundation.framework; sourceTree = SDKROOT; };
		5326D38255FD440F332DE2A1 /* Pods-PlanerLekow.release.xcconfig */ = {isa = PBXFileReference; includeInIndex = 1; lastKnownFileType = text.xcconfig; name = "Pods-PlanerLekow.release.xcconfig"; path = "Target Support Files/Pods-PlanerLekow/Pods-PlanerLekow.release.xcconfig"; sourceTree = "<group>"; };
		6E581636A0B6364564DB74A0 /* Pods_PlanerLekow.framework */ = {isa = PBXFileReference; explicitFileType = wrapper.framework; includeInIndex = 0; path = Pods_PlanerLekow.framework; sourceTree = BUILT_PRODUCTS_DIR; };
		9457167377583C0CB12EC2AB /* Pods-PlanerLekow.debug.xcconfig */ = {isa = PBXFileReference; includeInIndex = 1; lastKnownFileType = text.xcconfig; name = "Pods-PlanerLekow.debug.xcconfig"; path = "Target Support Files/Pods-PlanerLekow/Pods-PlanerLekow.debug.xcconfig"; sourceTree = "<group>"; };
/* End PBXFileReference section */

/* Begin PBXFrameworksBuildPhase section */
		3E62FA9E2574121100BAFFA0 /* Frameworks */ = {
			isa = PBXFrameworksBuildPhase;
			buildActionMask = 2147483647;
			files = (
				3ECEA42D2587E268005A811B /* AVFoundation.framework in Frameworks */,
				C22B53363C2B8BD171DAF08B /* Pods_PlanerLekow.framework in Frameworks */,
			);
			runOnlyForDeploymentPostprocessing = 0;
		};
/* End PBXFrameworksBuildPhase section */

/* Begin PBXGroup section */
		3E62FA982574121100BAFFA0 = {
			isa = PBXGroup;
			children = (
				3E62FAA32574121100BAFFA0 /* PlanerLekow */,
				3E62FAA22574121100BAFFA0 /* Products */,
				D77CA56ADA6744585A1CDEA0 /* Pods */,
				B23A798A9B8340937E935014 /* Frameworks */,
			);
			sourceTree = "<group>";
		};
		3E62FAA22574121100BAFFA0 /* Products */ = {
			isa = PBXGroup;
			children = (
				3E62FAA12574121100BAFFA0 /* PlanerLekow.app */,
			);
			name = Products;
			sourceTree = "<group>";
		};
		3E62FAA32574121100BAFFA0 /* PlanerLekow */ = {
			isa = PBXGroup;
			children = (
				3E9A537C257F8ECF002BC9B2 /* Model */,
				3E9A537E257F8EDE002BC9B2 /* Controller */,
				3E9A537F257F8EF3002BC9B2 /* View */,
				3E62FAFB2574175700BAFFA0 /* Supporting Files */,
				3E62FAB22574121300BAFFA0 /* Info.plist */,
				3E24E4EB2582B04000473B60 /* GoogleService-Info.plist */,
			);
			path = PlanerLekow;
			sourceTree = "<group>";
		};
		3E62FAFB2574175700BAFFA0 /* Supporting Files */ = {
			isa = PBXGroup;
			children = (
				3E62FAA42574121100BAFFA0 /* AppDelegate.swift */,
				3E62FAAD2574121300BAFFA0 /* Assets.xcassets */,
				3E62FAAF2574121300BAFFA0 /* LaunchScreen.storyboard */,
				3E62FB7425747B7000BAFFA0 /* SceneDelegate.swift */,
			);
			path = "Supporting Files";
			sourceTree = "<group>";
		};
		3E9A537C257F8ECF002BC9B2 /* Model */ = {
			isa = PBXGroup;
			children = (
				3E62FB172574649F00BAFFA0 /* Drug.swift */,
				3E62FB1C257466AD00BAFFA0 /* Drugs.swift */,
				3E24E4E22582959000473B60 /* Parser.swift */,
				3E62FB2725746C6100BAFFA0 /* UserDrugs.swift */,
			);
			path = Model;
			sourceTree = "<group>";
		};
		3E9A537E257F8EDE002BC9B2 /* Controller */ = {
			isa = PBXGroup;
			children = (
				3E62FAA82574121100BAFFA0 /* ViewController.swift */,
				3E62FB582574754500BAFFA0 /* ViewListController.swift */,
				3E24E4E52582A17400473B60 /* LogInController.swift */,
				3E24E4FB2582C35B00473B60 /* SignInController.swift */,
				3ECEA4292587D7EF005A811B /* DrugDetailController.swift */,
			);
			path = Controller;
			sourceTree = "<group>";
		};
		3E9A537F257F8EF3002BC9B2 /* View */ = {
			isa = PBXGroup;
			children = (
				3E62FAAA2574121100BAFFA0 /* Main.storyboard */,
				3E62FB532574732400BAFFA0 /* drugs_list.storyboard */,
				3E24E4E82582A19F00473B60 /* LogIn.storyboard */,
			);
			path = View;
			sourceTree = "<group>";
		};
		B23A798A9B8340937E935014 /* Frameworks */ = {
			isa = PBXGroup;
			children = (
				3ECEA42C2587E268005A811B /* AVFoundation.framework */,
				6E581636A0B6364564DB74A0 /* Pods_PlanerLekow.framework */,
			);
			name = Frameworks;
			sourceTree = "<group>";
		};
		D77CA56ADA6744585A1CDEA0 /* Pods */ = {
			isa = PBXGroup;
			children = (
				9457167377583C0CB12EC2AB /* Pods-PlanerLekow.debug.xcconfig */,
				5326D38255FD440F332DE2A1 /* Pods-PlanerLekow.release.xcconfig */,
			);
			path = Pods;
			sourceTree = "<group>";
		};
/* End PBXGroup section */

/* Begin PBXNativeTarget section */
		3E62FAA02574121100BAFFA0 /* PlanerLekow */ = {
			isa = PBXNativeTarget;
			buildConfigurationList = 3E62FACB2574121400BAFFA0 /* Build configuration list for PBXNativeTarget "PlanerLekow" */;
			buildPhases = (
				FFC2165E4792F5C42742F965 /* [CP] Check Pods Manifest.lock */,
				3E62FA9D2574121100BAFFA0 /* Sources */,
				3E62FA9E2574121100BAFFA0 /* Frameworks */,
				3E62FA9F2574121100BAFFA0 /* Resources */,
				814C9A36B20B11663E31FAF9 /* [CP] Embed Pods Frameworks */,
			);
			buildRules = (
			);
			dependencies = (
			);
			name = PlanerLekow;
			productName = PlanerLekow;
			productReference = 3E62FAA12574121100BAFFA0 /* PlanerLekow.app */;
			productType = "com.apple.product-type.application";
		};
/* End PBXNativeTarget section */

/* Begin PBXProject section */
		3E62FA992574121100BAFFA0 /* Project object */ = {
			isa = PBXProject;
			attributes = {
				LastSwiftUpdateCheck = 1220;
				LastUpgradeCheck = 1220;
				TargetAttributes = {
					3E62FAA02574121100BAFFA0 = {
						CreatedOnToolsVersion = 12.2;
					};
				};
			};
			buildConfigurationList = 3E62FA9C2574121100BAFFA0 /* Build configuration list for PBXProject "PlanerLekow" */;
			compatibilityVersion = "Xcode 9.3";
			developmentRegion = en;
			hasScannedForEncodings = 0;
			knownRegions = (
				en,
				Base,
			);
			mainGroup = 3E62FA982574121100BAFFA0;
			productRefGroup = 3E62FAA22574121100BAFFA0 /* Products */;
			projectDirPath = "";
			projectRoot = "";
			targets = (
				3E62FAA02574121100BAFFA0 /* PlanerLekow */,
			);
		};
/* End PBXProject section */

/* Begin PBXResourcesBuildPhase section */
		3E62FA9F2574121100BAFFA0 /* Resources */ = {
			isa = PBXResourcesBuildPhase;
			buildActionMask = 2147483647;
			files = (
				3E62FAB12574121300BAFFA0 /* LaunchScreen.storyboard in Resources */,
				3E62FB542574732400BAFFA0 /* drugs_list.storyboard in Resources */,
				3E62FAAE2574121300BAFFA0 /* Assets.xcassets in Resources */,
				3E62FAAC2574121100BAFFA0 /* Main.storyboard in Resources */,
				3E24E4E92582A1A000473B60 /* LogIn.storyboard in Resources */,
				3E24E4EC2582B04000473B60 /* GoogleService-Info.plist in Resources */,
			);
			runOnlyForDeploymentPostprocessing = 0;
		};
/* End PBXResourcesBuildPhase section */

/* Begin PBXShellScriptBuildPhase section */
		814C9A36B20B11663E31FAF9 /* [CP] Embed Pods Frameworks */ = {
			isa = PBXShellScriptBuildPhase;
			buildActionMask = 2147483647;
			files = (
			);
			inputFileListPaths = (
				"${PODS_ROOT}/Target Support Files/Pods-PlanerLekow/Pods-PlanerLekow-frameworks-${CONFIGURATION}-input-files.xcfilelist",
			);
			name = "[CP] Embed Pods Frameworks";
			outputFileListPaths = (
				"${PODS_ROOT}/Target Support Files/Pods-PlanerLekow/Pods-PlanerLekow-frameworks-${CONFIGURATION}-output-files.xcfilelist",
			);
			runOnlyForDeploymentPostprocessing = 0;
			shellPath = /bin/sh;
			shellScript = "\"${PODS_ROOT}/Target Support Files/Pods-PlanerLekow/Pods-PlanerLekow-frameworks.sh\"\n";
			showEnvVarsInLog = 0;
		};
		FFC2165E4792F5C42742F965 /* [CP] Check Pods Manifest.lock */ = {
			isa = PBXShellScriptBuildPhase;
			buildActionMask = 2147483647;
			files = (
			);
			inputFileListPaths = (
			);
			inputPaths = (
				"${PODS_PODFILE_DIR_PATH}/Podfile.lock",
				"${PODS_ROOT}/Manifest.lock",
			);
			name = "[CP] Check Pods Manifest.lock";
			outputFileListPaths = (
			);
			outputPaths = (
				"$(DERIVED_FILE_DIR)/Pods-PlanerLekow-checkManifestLockResult.txt",
			);
			runOnlyForDeploymentPostprocessing = 0;
			shellPath = /bin/sh;
			shellScript = "diff \"${PODS_PODFILE_DIR_PATH}/Podfile.lock\" \"${PODS_ROOT}/Manifest.lock\" > /dev/null\nif [ $? != 0 ] ; then\n    # print error to STDERR\n    echo \"error: The sandbox is not in sync with the Podfile.lock. Run 'pod install' or update your CocoaPods installation.\" >&2\n    exit 1\nfi\n# This output is used by Xcode 'outputs' to avoid re-running this script phase.\necho \"SUCCESS\" > \"${SCRIPT_OUTPUT_FILE_0}\"\n";
			showEnvVarsInLog = 0;
		};
/* End PBXShellScriptBuildPhase section */

/* Begin PBXSourcesBuildPhase section */
		3E62FA9D2574121100BAFFA0 /* Sources */ = {
			isa = PBXSourcesBuildPhase;
			buildActionMask = 2147483647;
			files = (
				3E62FB2825746C6100BAFFA0 /* UserDrugs.swift in Sources */,
				3E62FAA92574121100BAFFA0 /* ViewController.swift in Sources */,
				3E62FAA52574121100BAFFA0 /* AppDelegate.swift in Sources */,
				3E24E4FC2582C35B00473B60 /* SignInController.swift in Sources */,
				3E62FB18257464A000BAFFA0 /* Drug.swift in Sources */,
				3E24E4E62582A17400473B60 /* LogInController.swift in Sources */,
				3E24E4E32582959000473B60 /* Parser.swift in Sources */,
				3E62FB1D257466AD00BAFFA0 /* Drugs.swift in Sources */,
				3ECEA42A2587D7EF005A811B /* DrugDetailController.swift in Sources */,
				3E62FB592574754500BAFFA0 /* ViewListController.swift in Sources */,
				3E62FB7525747B7000BAFFA0 /* SceneDelegate.swift in Sources */,
			);
			runOnlyForDeploymentPostprocessing = 0;
		};
/* End PBXSourcesBuildPhase section */

/* Begin PBXVariantGroup section */
		3E62FAAA2574121100BAFFA0 /* Main.storyboard */ = {
			isa = PBXVariantGroup;
			children = (
				3E62FAAB2574121100BAFFA0 /* Base */,
			);
			name = Main.storyboard;
			sourceTree = "<group>";
		};
		3E62FAAF2574121300BAFFA0 /* LaunchScreen.storyboard */ = {
			isa = PBXVariantGroup;
			children = (
				3E62FAB02574121300BAFFA0 /* Base */,
			);
			name = LaunchScreen.storyboard;
			sourceTree = "<group>";
		};
/* End PBXVariantGroup section */

/* Begin XCBuildConfiguration section */
		3E62FAC92574121400BAFFA0 /* Debug */ = {
			isa = XCBuildConfiguration;
			buildSettings = {
				ALWAYS_SEARCH_USER_PATHS = NO;
				CLANG_ANALYZER_NONNULL = YES;
				CLANG_ANALYZER_NUMBER_OBJECT_CONVERSION = YES_AGGRESSIVE;
				CLANG_CXX_LANGUAGE_STANDARD = "gnu++14";
				CLANG_CXX_LIBRARY = "libc++";
				CLANG_ENABLE_MODULES = YES;
				CLANG_ENABLE_OBJC_ARC = YES;
				CLANG_ENABLE_OBJC_WEAK = YES;
				CLANG_WARN_BLOCK_CAPTURE_AUTORELEASING = YES;
				CLANG_WARN_BOOL_CONVERSION = YES;
				CLANG_WARN_COMMA = YES;
				CLANG_WARN_CONSTANT_CONVERSION = YES;
				CLANG_WARN_DEPRECATED_OBJC_IMPLEMENTATIONS = YES;
				CLANG_WARN_DIRECT_OBJC_ISA_USAGE = YES_ERROR;
				CLANG_WARN_DOCUMENTATION_COMMENTS = YES;
				CLANG_WARN_EMPTY_BODY = YES;
				CLANG_WARN_ENUM_CONVERSION = YES;
				CLANG_WARN_INFINITE_RECURSION = YES;
				CLANG_WARN_INT_CONVERSION = YES;
				CLANG_WARN_NON_LITERAL_NULL_CONVERSION = YES;
				CLANG_WARN_OBJC_IMPLICIT_RETAIN_SELF = YES;
				CLANG_WARN_OBJC_LITERAL_CONVERSION = YES;
				CLANG_WARN_OBJC_ROOT_CLASS = YES_ERROR;
				CLANG_WARN_QUOTED_INCLUDE_IN_FRAMEWORK_HEADER = YES;
				CLANG_WARN_RANGE_LOOP_ANALYSIS = YES;
				CLANG_WARN_STRICT_PROTOTYPES = YES;
				CLANG_WARN_SUSPICIOUS_MOVE = YES;
				CLANG_WARN_UNGUARDED_AVAILABILITY = YES_AGGRESSIVE;
				CLANG_WARN_UNREACHABLE_CODE = YES;
				CLANG_WARN__DUPLICATE_METHOD_MATCH = YES;
				COPY_PHASE_STRIP = NO;
				DEBUG_INFORMATION_FORMAT = dwarf;
				ENABLE_STRICT_OBJC_MSGSEND = YES;
				ENABLE_TESTABILITY = YES;
				GCC_C_LANGUAGE_STANDARD = gnu11;
				GCC_DYNAMIC_NO_PIC = NO;
				GCC_NO_COMMON_BLOCKS = YES;
				GCC_OPTIMIZATION_LEVEL = 0;
				GCC_PREPROCESSOR_DEFINITIONS = (
					"DEBUG=1",
					"$(inherited)",
				);
				GCC_WARN_64_TO_32_BIT_CONVERSION = YES;
				GCC_WARN_ABOUT_RETURN_TYPE = YES_ERROR;
				GCC_WARN_UNDECLARED_SELECTOR = YES;
				GCC_WARN_UNINITIALIZED_AUTOS = YES_AGGRESSIVE;
				GCC_WARN_UNUSED_FUNCTION = YES;
				GCC_WARN_UNUSED_VARIABLE = YES;
				IPHONEOS_DEPLOYMENT_TARGET = 14.2;
				MTL_ENABLE_DEBUG_INFO = INCLUDE_SOURCE;
				MTL_FAST_MATH = YES;
				ONLY_ACTIVE_ARCH = YES;
				SDKROOT = iphoneos;
				SWIFT_ACTIVE_COMPILATION_CONDITIONS = DEBUG;
				SWIFT_OPTIMIZATION_LEVEL = "-Onone";
			};
			name = Debug;
		};
		3E62FACA2574121400BAFFA0 /* Release */ = {
			isa = XCBuildConfiguration;
			buildSettings = {
				ALWAYS_SEARCH_USER_PATHS = NO;
				CLANG_ANALYZER_NONNULL = YES;
				CLANG_ANALYZER_NUMBER_OBJECT_CONVERSION = YES_AGGRESSIVE;
				CLANG_CXX_LANGUAGE_STANDARD = "gnu++14";
				CLANG_CXX_LIBRARY = "libc++";
				CLANG_ENABLE_MODULES = YES;
				CLANG_ENABLE_OBJC_ARC = YES;
				CLANG_ENABLE_OBJC_WEAK = YES;
				CLANG_WARN_BLOCK_CAPTURE_AUTORELEASING = YES;
				CLANG_WARN_BOOL_CONVERSION = YES;
				CLANG_WARN_COMMA = YES;
				CLANG_WARN_CONSTANT_CONVERSION = YES;
				CLANG_WARN_DEPRECATED_OBJC_IMPLEMENTATIONS = YES;
				CLANG_WARN_DIRECT_OBJC_ISA_USAGE = YES_ERROR;
				CLANG_WARN_DOCUMENTATION_COMMENTS = YES;
				CLANG_WARN_EMPTY_BODY = YES;
				CLANG_WARN_ENUM_CONVERSION = YES;
				CLANG_WARN_INFINITE_RECURSION = YES;
				CLANG_WARN_INT_CONVERSION = YES;
				CLANG_WARN_NON_LITERAL_NULL_CONVERSION = YES;
				CLANG_WARN_OBJC_IMPLICIT_RETAIN_SELF = YES;
				CLANG_WARN_OBJC_LITERAL_CONVERSION = YES;
				CLANG_WARN_OBJC_ROOT_CLASS = YES_ERROR;
				CLANG_WARN_QUOTED_INCLUDE_IN_FRAMEWORK_HEADER = YES;
				CLANG_WARN_RANGE_LOOP_ANALYSIS = YES;
				CLANG_WARN_STRICT_PROTOTYPES = YES;
				CLANG_WARN_SUSPICIOUS_MOVE = YES;
				CLANG_WARN_UNGUARDED_AVAILABILITY = YES_AGGRESSIVE;
				CLANG_WARN_UNREACHABLE_CODE = YES;
				CLANG_WARN__DUPLICATE_METHOD_MATCH = YES;
				COPY_PHASE_STRIP = NO;
				DEBUG_INFORMATION_FORMAT = "dwarf-with-dsym";
				ENABLE_NS_ASSERTIONS = NO;
				ENABLE_STRICT_OBJC_MSGSEND = YES;
				GCC_C_LANGUAGE_STANDARD = gnu11;
				GCC_NO_COMMON_BLOCKS = YES;
				GCC_WARN_64_TO_32_BIT_CONVERSION = YES;
				GCC_WARN_ABOUT_RETURN_TYPE = YES_ERROR;
				GCC_WARN_UNDECLARED_SELECTOR = YES;
				GCC_WARN_UNINITIALIZED_AUTOS = YES_AGGRESSIVE;
				GCC_WARN_UNUSED_FUNCTION = YES;
				GCC_WARN_UNUSED_VARIABLE = YES;
				IPHONEOS_DEPLOYMENT_TARGET = 14.2;
				MTL_ENABLE_DEBUG_INFO = NO;
				MTL_FAST_MATH = YES;
				SDKROOT = iphoneos;
				SWIFT_COMPILATION_MODE = wholemodule;
				SWIFT_OPTIMIZATION_LEVEL = "-O";
				VALIDATE_PRODUCT = YES;
			};
			name = Release;
		};
		3E62FACC2574121400BAFFA0 /* Debug */ = {
			isa = XCBuildConfiguration;
			baseConfigurationReference = 9457167377583C0CB12EC2AB /* Pods-PlanerLekow.debug.xcconfig */;
			buildSettings = {
				ASSETCATALOG_COMPILER_APPICON_NAME = AppIcon;
				ASSETCATALOG_COMPILER_GLOBAL_ACCENT_COLOR_NAME = AccentColor;
				CODE_SIGN_STYLE = Automatic;
				DEVELOPMENT_TEAM = 956BV3254B;
				INFOPLIST_FILE = PlanerLekow/Info.plist;
				LD_RUNPATH_SEARCH_PATHS = (
					"$(inherited)",
					"@executable_path/Frameworks",
				);
				PRODUCT_BUNDLE_IDENTIFIER = ale.kod.PlanerLekow;
				PRODUCT_NAME = "$(TARGET_NAME)";
				SWIFT_VERSION = 5.0;
				TARGETED_DEVICE_FAMILY = 1;
			};
			name = Debug;
		};
		3E62FACD2574121400BAFFA0 /* Release */ = {
			isa = XCBuildConfiguration;
			baseConfigurationReference = 5326D38255FD440F332DE2A1 /* Pods-PlanerLekow.release.xcconfig */;
			buildSettings = {
				ASSETCATALOG_COMPILER_APPICON_NAME = AppIcon;
				ASSETCATALOG_COMPILER_GLOBAL_ACCENT_COLOR_NAME = AccentColor;
				CODE_SIGN_STYLE = Automatic;
				DEVELOPMENT_TEAM = 956BV3254B;
				INFOPLIST_FILE = PlanerLekow/Info.plist;
				LD_RUNPATH_SEARCH_PATHS = (
					"$(inherited)",
					"@executable_path/Frameworks",
				);
				PRODUCT_BUNDLE_IDENTIFIER = ale.kod.PlanerLekow;
				PRODUCT_NAME = "$(TARGET_NAME)";
				SWIFT_VERSION = 5.0;
				TARGETED_DEVICE_FAMILY = 1;
			};
			name = Release;
		};
/* End XCBuildConfiguration section */

/* Begin XCConfigurationList section */
		3E62FA9C2574121100BAFFA0 /* Build configuration list for PBXProject "PlanerLekow" */ = {
			isa = XCConfigurationList;
			buildConfigurations = (
				3E62FAC92574121400BAFFA0 /* Debug */,
				3E62FACA2574121400BAFFA0 /* Release */,
			);
			defaultConfigurationIsVisible = 0;
			defaultConfigurationName = Release;
		};
		3E62FACB2574121400BAFFA0 /* Build configuration list for PBXNativeTarget "PlanerLekow" */ = {
			isa = XCConfigurationList;
			buildConfigurations = (
				3E62FACC2574121400BAFFA0 /* Debug */,
				3E62FACD2574121400BAFFA0 /* Release */,
			);
			defaultConfigurationIsVisible = 0;
			defaultConfigurationName = Release;
		};
/* End XCConfigurationList section */
	};
	rootObject = 3E62FA992574121100BAFFA0 /* Project object */;
}
